{
  "originHash" : "fcb85c48545b03a40958f8a4eb16bb2e62455c7e47614c4133278027458bc3ef",
  "pins" : [
    {
      "identity" : "acarousel",
      "kind" : "remoteSourceControl",
      "location" : "https://github.com/JWAutumn/ACarousel",
      "state" : {
        "revision" : "8a322513580f21288fd87eb3a1341c247b3e2a76",
        "version" : "0.2.0"
      }
    },
    {
      "identity" : "alamofire",
      "kind" : "remoteSourceControl",
      "location" : "https://github.com/Alamofire/Alamofire",
      "state" : {
        "revision" : "3f99050e75bbc6fe71fc323adabb039756680016",
        "version" : "5.11.1"
      }
    },
    {
      "identity" : "kingfisher",
      "kind" : "remoteSourceControl",
      "location" : "https://github.com/onevcat/Kingfisher.git",
      "state" : {
        "revision" : "e227df15448d2ad1a5d4e4c49722a71c68f9058a",
        "version" : "8.7.0"
      }
    },
    {
      "identity" : "sdwebimage",
      "kind" : "remoteSourceControl",
      "location" : "https://github.com/SDWebImage/SDWebImage.git",
      "state" : {
        "revision" : "2de3a496eaf6df9a1312862adcfd54acd73c39c0",
        "version" : "5.21.7"
      }
    },
    {
      "identity" : "sdwebimageswiftui",
      "kind" : "remoteSourceControl",
      "location" : "https://github.com/SDWebImage/SDWebImageSwiftUI.git",
      "state" : {
        "revision" : "0e331457ca9af2f0b08bcaa138a91ffb907b004f",
        "version" : "3.1.4"
      }
    },
    {
      "identity" : "swiftui-shimmer",
      "kind" : "remoteSourceControl",
      "location" : "https://github.com/markiv/SwiftUI-Shimmer",
      "state" : {
        "revision" : "0226e21f9bf355d40e07e5f5e1c33679d50e167f",
        "version" : "1.5.1"
      }
    },
    {
      "identity" : "swiftui-toasts",
      "kind" : "remoteSourceControl",
      "location" : "https://github.com/sunghyun-k/swiftui-toasts",
      "state" : {
        "revision" : "2b3b062f4d485de6ddc03797e5dbb81c261bf78b",
        "version" : "1.1.2"
      }
    },
    {
      "identity" : "swiftui-window-overlay",
      "kind" : "remoteSourceControl",
      "location" : "https://github.com/sunghyun-k/swiftui-window-overlay.git",
      "state" : {
        "revision" : "46739300713772a62a3bf31d77f8f23ba9cf61f7",
        "version" : "1.0.2"
      }
    },
    {
      "identity" : "windowreader",
      "kind" : "remoteSourceControl",
      "location" : "https://github.com/divadretlaw/WindowReader",
      "state" : {
        "revision" : "58ff2db81e17fd39d40c325dafd8b962c363ad5f",
        "version" : "3.1.0"
      }
    },
    {
      "identity" : "windowscenereader",
      "kind" : "remoteSourceControl",
      "location" : "https://github.com/divadretlaw/WindowSceneReader.git",
      "state" : {
        "revision" : "35441047ff4134838a884a30d613cfbd6291a5fa",
        "version" : "3.3.0"
      }
    }
  ],
  "version" : 3
}
